// !$*UTF8*$!
{
	archiveVersion = 1;
	classes = {
	};
	objectVersion = 50;
	objects = {

/* Begin PBXBuildFile section */
		E52F0C45208500E10094DAB3 /* AppDelegate.swift in Sources */ = {isa = PBXBuildFile; fileRef = E52F0C44208500E10094DAB3 /* AppDelegate.swift */; };
		E52F0C47208500E10094DAB3 /* ViewController.swift in Sources */ = {isa = PBXBuildFile; fileRef = E52F0C46208500E10094DAB3 /* ViewController.swift */; };
		E52F0C4A208500E10094DAB3 /* Main.storyboard in Resources */ = {isa = PBXBuildFile; fileRef = E52F0C48208500E10094DAB3 /* Main.storyboard */; };
		E52F0C4D208500E10094DAB3 /* GitHubRepositorySearch.xcdatamodeld in Sources */ = {isa = PBXBuildFile; fileRef = E52F0C4B208500E10094DAB3 /* GitHubRepositorySearch.xcdatamodeld */; };
		E52F0C4F208500E30094DAB3 /* Assets.xcassets in Resources */ = {isa = PBXBuildFile; fileRef = E52F0C4E208500E30094DAB3 /* Assets.xcassets */; };
		E52F0C52208500E30094DAB3 /* LaunchScreen.storyboard in Resources */ = {isa = PBXBuildFile; fileRef = E52F0C50208500E30094DAB3 /* LaunchScreen.storyboard */; };
		E52F0C5D208500E30094DAB3 /* GitHubRepositorySearchUITests.swift in Sources */ = {isa = PBXBuildFile; fileRef = E52F0C5C208500E30094DAB3 /* GitHubRepositorySearchUITests.swift */; };
/* End PBXBuildFile section */

/* Begin PBXContainerItemProxy section */
		E52F0C59208500E30094DAB3 /* PBXContainerItemProxy */ = {
			isa = PBXContainerItemProxy;
			containerPortal = E52F0C39208500E00094DAB3 /* Project object */;
			proxyType = 1;
			remoteGlobalIDString = E52F0C40208500E00094DAB3;
			remoteInfo = GitHubRepositorySearch;
		};
/* End PBXContainerItemProxy section */

/* Begin PBXFileReference section */
		E52F0C41208500E10094DAB3 /* GitHubRepositorySearch.app */ = {isa = PBXFileReference; explicitFileType = wrapper.application; includeInIndex = 0; path = GitHubRepositorySearch.app; sourceTree = BUILT_PRODUCTS_DIR; };
		E52F0C44208500E10094DAB3 /* AppDelegate.swift */ = {isa = PBXFileReference; lastKnownFileType = sourcecode.swift; path = AppDelegate.swift; sourceTree = "<group>"; };
		E52F0C46208500E10094DAB3 /* ViewController.swift */ = {isa = PBXFileReference; lastKnownFileType = sourcecode.swift; path = ViewController.swift; sourceTree = "<group>"; };
		E52F0C49208500E10094DAB3 /* Base */ = {isa = PBXFileReference; lastKnownFileType = file.storyboard; name = Base; path = Base.lproj/Main.storyboard; sourceTree = "<group>"; };
		E52F0C4C208500E10094DAB3 /* GitHubRepositorySearch.xcdatamodel */ = {isa = PBXFileReference; lastKnownFileType = wrapper.xcdatamodel; path = GitHubRepositorySearch.xcdatamodel; sourceTree = "<group>"; };
		E52F0C4E208500E30094DAB3 /* Assets.xcassets */ = {isa = PBXFileReference; lastKnownFileType = folder.assetcatalog; path = Assets.xcassets; sourceTree = "<group>"; };
		E52F0C51208500E30094DAB3 /* Base */ = {isa = PBXFileReference; lastKnownFileType = file.storyboard; name = Base; path = Base.lproj/LaunchScreen.storyboard; sourceTree = "<group>"; };
		E52F0C53208500E30094DAB3 /* Info.plist */ = {isa = PBXFileReference; lastKnownFileType = text.plist.xml; path = Info.plist; sourceTree = "<group>"; };
		E52F0C58208500E30094DAB3 /* GitHubRepositorySearchUITests.xctest */ = {isa = PBXFileReference; explicitFileType = wrapper.cfbundle; includeInIndex = 0; path = GitHubRepositorySearchUITests.xctest; sourceTree = BUILT_PRODUCTS_DIR; };
		E52F0C5C208500E30094DAB3 /* GitHubRepositorySearchUITests.swift */ = {isa = PBXFileReference; lastKnownFileType = sourcecode.swift; path = GitHubRepositorySearchUITests.swift; sourceTree = "<group>"; };
		E52F0C5E208500E30094DAB3 /* Info.plist */ = {isa = PBXFileReference; lastKnownFileType = text.plist.xml; path = Info.plist; sourceTree = "<group>"; };
/* End PBXFileReference section */

/* Begin PBXFrameworksBuildPhase section */
		E52F0C3E208500E00094DAB3 /* Frameworks */ = {
			isa = PBXFrameworksBuildPhase;
			buildActionMask = 2147483647;
			files = (
			);
			runOnlyForDeploymentPostprocessing = 0;
		};
		E52F0C55208500E30094DAB3 /* Frameworks */ = {
			isa = PBXFrameworksBuildPhase;
			buildActionMask = 2147483647;
			files = (
			);
			runOnlyForDeploymentPostprocessing = 0;
		};
/* End PBXFrameworksBuildPhase section */

/* Begin PBXGroup section */
		E52F0C38208500E00094DAB3 = {
			isa = PBXGroup;
			children = (
				E52F0C43208500E10094DAB3 /* GitHubRepositorySearch */,
				E52F0C5B208500E30094DAB3 /* GitHubRepositorySearchUITests */,
				E52F0C42208500E10094DAB3 /* Products */,
			);
			sourceTree = "<group>";
		};
		E52F0C42208500E10094DAB3 /* Products */ = {
			isa = PBXGroup;
			children = (
				E52F0C41208500E10094DAB3 /* GitHubRepositorySearch.app */,
				E52F0C58208500E30094DAB3 /* GitHubRepositorySearchUITests.xctest */,
			);
			name = Products;
			sourceTree = "<group>";
		};
		E52F0C43208500E10094DAB3 /* GitHubRepositorySearch */ = {
			isa = PBXGroup;
			children = (
				E52F0C44208500E10094DAB3 /* AppDelegate.swift */,
				E52F0C46208500E10094DAB3 /* ViewController.swift */,
				E52F0C48208500E10094DAB3 /* Main.storyboard */,
				E52F0C4E208500E30094DAB3 /* Assets.xcassets */,
				E52F0C50208500E30094DAB3 /* LaunchScreen.storyboard */,
				E52F0C53208500E30094DAB3 /* Info.plist */,
				E52F0C4B208500E10094DAB3 /* GitHubRepositorySearch.xcdatamodeld */,
			);
			path = GitHubRepositorySearch;
			sourceTree = "<group>";
		};
		E52F0C5B208500E30094DAB3 /* GitHubRepositorySearchUITests */ = {
			isa = PBXGroup;
			children = (
				E52F0C5C208500E30094DAB3 /* GitHubRepositorySearchUITests.swift */,
				E52F0C5E208500E30094DAB3 /* Info.plist */,
			);
			path = GitHubRepositorySearchUITests;
			sourceTree = "<group>";
		};
/* End PBXGroup section */

/* Begin PBXNativeTarget section */
		E52F0C40208500E00094DAB3 /* GitHubRepositorySearch */ = {
			isa = PBXNativeTarget;
			buildConfigurationList = E52F0C61208500E30094DAB3 /* Build configuration list for PBXNativeTarget "GitHubRepositorySearch" */;
			buildPhases = (
				E52F0C3D208500E00094DAB3 /* Sources */,
				E52F0C3E208500E00094DAB3 /* Frameworks */,
				E52F0C3F208500E00094DAB3 /* Resources */,
			);
			buildRules = (
			);
			dependencies = (
			);
			name = GitHubRepositorySearch;
			productName = GitHubRepositorySearch;
			productReference = E52F0C41208500E10094DAB3 /* GitHubRepositorySearch.app */;
			productType = "com.apple.product-type.application";
		};
		E52F0C57208500E30094DAB3 /* GitHubRepositorySearchUITests */ = {
			isa = PBXNativeTarget;
			buildConfigurationList = E52F0C64208500E30094DAB3 /* Build configuration list for PBXNativeTarget "GitHubRepositorySearchUITests" */;
			buildPhases = (
				E52F0C54208500E30094DAB3 /* Sources */,
				E52F0C55208500E30094DAB3 /* Frameworks */,
				E52F0C56208500E30094DAB3 /* Resources */,
			);
			buildRules = (
			);
			dependencies = (
				E52F0C5A208500E30094DAB3 /* PBXTargetDependency */,
			);
			name = GitHubRepositorySearchUITests;
			productName = GitHubRepositorySearchUITests;
			productReference = E52F0C58208500E30094DAB3 /* GitHubRepositorySearchUITests.xctest */;
			productType = "com.apple.product-type.bundle.ui-testing";
		};
/* End PBXNativeTarget section */

/* Begin PBXProject section */
		E52F0C39208500E00094DAB3 /* Project object */ = {
			isa = PBXProject;
			attributes = {
				LastSwiftUpdateCheck = 0930;
				LastUpgradeCheck = 0930;
				ORGANIZATIONNAME = "Сергей Веселовский";
				TargetAttributes = {
					E52F0C40208500E00094DAB3 = {
						CreatedOnToolsVersion = 9.3;
					};
					E52F0C57208500E30094DAB3 = {
						CreatedOnToolsVersion = 9.3;
						TestTargetID = E52F0C40208500E00094DAB3;
					};
				};
			};
			buildConfigurationList = E52F0C3C208500E00094DAB3 /* Build configuration list for PBXProject "GitHubRepositorySearch" */;
			compatibilityVersion = "Xcode 9.3";
			developmentRegion = en;
			hasScannedForEncodings = 0;
			knownRegions = (
				en,
				Base,
			);
			mainGroup = E52F0C38208500E00094DAB3;
			productRefGroup = E52F0C42208500E10094DAB3 /* Products */;
			projectDirPath = "";
			projectRoot = "";
			targets = (
				E52F0C40208500E00094DAB3 /* GitHubRepositorySearch */,
				E52F0C57208500E30094DAB3 /* GitHubRepositorySearchUITests */,
			);
		};
/* End PBXProject section */

/* Begin PBXResourcesBuildPhase section */
		E52F0C3F208500E00094DAB3 /* Resources */ = {
			isa = PBXResourcesBuildPhase;
			buildActionMask = 2147483647;
			files = (
				E52F0C52208500E30094DAB3 /* LaunchScreen.storyboard in Resources */,
				E52F0C4F208500E30094DAB3 /* Assets.xcassets in Resources */,
				E52F0C4A208500E10094DAB3 /* Main.storyboard in Resources */,
			);
			runOnlyForDeploymentPostprocessing = 0;
		};
		E52F0C56208500E30094DAB3 /* Resources */ = {
			isa = PBXResourcesBuildPhase;
			buildActionMask = 2147483647;
			files = (
			);
			runOnlyForDeploymentPostprocessing = 0;
		};
/* End PBXResourcesBuildPhase section */

/* Begin PBXSourcesBuildPhase section */
		E52F0C3D208500E00094DAB3 /* Sources */ = {
			isa = PBXSourcesBuildPhase;
			buildActionMask = 2147483647;
			files = (
				E52F0C47208500E10094DAB3 /* ViewController.swift in Sources */,
				E52F0C4D208500E10094DAB3 /* GitHubRepositorySearch.xcdatamodeld in Sources */,
				E52F0C45208500E10094DAB3 /* AppDelegate.swift in Sources */,
			);
			runOnlyForDeploymentPostprocessing = 0;
		};
		E52F0C54208500E30094DAB3 /* Sources */ = {
			isa = PBXSourcesBuildPhase;
			buildActionMask = 2147483647;
			files = (
				E52F0C5D208500E30094DAB3 /* GitHubRepositorySearchUITests.swift in Sources */,
			);
			runOnlyForDeploymentPostprocessing = 0;
		};
/* End PBXSourcesBuildPhase section */

/* Begin PBXTargetDependency section */
		E52F0C5A208500E30094DAB3 /* PBXTargetDependency */ = {
			isa = PBXTargetDependency;
			target = E52F0C40208500E00094DAB3 /* GitHubRepositorySearch */;
			targetProxy = E52F0C59208500E30094DAB3 /* PBXContainerItemProxy */;
		};
/* End PBXTargetDependency section */

/* Begin PBXVariantGroup section */
		E52F0C48208500E10094DAB3 /* Main.storyboard */ = {
			isa = PBXVariantGroup;
			children = (
				E52F0C49208500E10094DAB3 /* Base */,
			);
			name = Main.storyboard;
			sourceTree = "<group>";
		};
		E52F0C50208500E30094DAB3 /* LaunchScreen.storyboard */ = {
			isa = PBXVariantGroup;
			children = (
				E52F0C51208500E30094DAB3 /* Base */,
			);
			name = LaunchScreen.storyboard;
			sourceTree = "<group>";
		};
/* End PBXVariantGroup section */

/* Begin XCBuildConfiguration section */
		E52F0C5F208500E30094DAB3 /* Debug */ = {
			isa = XCBuildConfiguration;
			buildSettings = {
				ALWAYS_SEARCH_USER_PATHS = NO;
				CLANG_ANALYZER_NONNULL = YES;
				CLANG_ANALYZER_NUMBER_OBJECT_CONVERSION = YES_AGGRESSIVE;
				CLANG_CXX_LANGUAGE_STANDARD = "gnu++14";
				CLANG_CXX_LIBRARY = "libc++";
				CLANG_ENABLE_MODULES = YES;
				CLANG_ENABLE_OBJC_ARC = YES;
				CLANG_ENABLE_OBJC_WEAK = YES;
				CLANG_WARN_BLOCK_CAPTURE_AUTORELEASING = YES;
				CLANG_WARN_BOOL_CONVERSION = YES;
				CLANG_WARN_COMMA = YES;
				CLANG_WARN_CONSTANT_CONVERSION = YES;
				CLANG_WARN_DEPRECATED_OBJC_IMPLEMENTATIONS = YES;
				CLANG_WARN_DIRECT_OBJC_ISA_USAGE = YES_ERROR;
				CLANG_WARN_DOCUMENTATION_COMMENTS = YES;
				CLANG_WARN_EMPTY_BODY = YES;
				CLANG_WARN_ENUM_CONVERSION = YES;
				CLANG_WARN_INFINITE_RECURSION = YES;
				CLANG_WARN_INT_CONVERSION = YES;
				CLANG_WARN_NON_LITERAL_NULL_CONVERSION = YES;
				CLANG_WARN_OBJC_IMPLICIT_RETAIN_SELF = YES;
				CLANG_WARN_OBJC_LITERAL_CONVERSION = YES;
				CLANG_WARN_OBJC_ROOT_CLASS = YES_ERROR;
				CLANG_WARN_RANGE_LOOP_ANALYSIS = YES;
				CLANG_WARN_STRICT_PROTOTYPES = YES;
				CLANG_WARN_SUSPICIOUS_MOVE = YES;
				CLANG_WARN_UNGUARDED_AVAILABILITY = YES_AGGRESSIVE;
				CLANG_WARN_UNREACHABLE_CODE = YES;
				CLANG_WARN__DUPLICATE_METHOD_MATCH = YES;
				CODE_SIGN_IDENTITY = "iPhone Developer";
				COPY_PHASE_STRIP = NO;
				DEBUG_INFORMATION_FORMAT = dwarf;
				ENABLE_STRICT_OBJC_MSGSEND = YES;
				ENABLE_TESTABILITY = YES;
				GCC_C_LANGUAGE_STANDARD = gnu11;
				GCC_DYNAMIC_NO_PIC = NO;
				GCC_NO_COMMON_BLOCKS = YES;
				GCC_OPTIMIZATION_LEVEL = 0;
				GCC_PREPROCESSOR_DEFINITIONS = (
					"DEBUG=1",
					"$(inherited)",
				);
				GCC_WARN_64_TO_32_BIT_CONVERSION = YES;
				GCC_WARN_ABOUT_RETURN_TYPE = YES_ERROR;
				GCC_WARN_UNDECLARED_SELECTOR = YES;
				GCC_WARN_UNINITIALIZED_AUTOS = YES_AGGRESSIVE;
				GCC_WARN_UNUSED_FUNCTION = YES;
				GCC_WARN_UNUSED_VARIABLE = YES;
				IPHONEOS_DEPLOYMENT_TARGET = 11.3;
				MTL_ENABLE_DEBUG_INFO = YES;
				ONLY_ACTIVE_ARCH = YES;
				SDKROOT = iphoneos;
				SWIFT_ACTIVE_COMPILATION_CONDITIONS = DEBUG;
				SWIFT_OPTIMIZATION_LEVEL = "-Onone";
			};
			name = Debug;
		};
		E52F0C60208500E30094DAB3 /* Release */ = {
			isa = XCBuildConfiguration;
			buildSettings = {
				ALWAYS_SEARCH_USER_PATHS = NO;
				CLANG_ANALYZER_NONNULL = YES;
				CLANG_ANALYZER_NUMBER_OBJECT_CONVERSION = YES_AGGRESSIVE;
				CLANG_CXX_LANGUAGE_STANDARD = "gnu++14";
				CLANG_CXX_LIBRARY = "libc++";
				CLANG_ENABLE_MODULES = YES;
				CLANG_ENABLE_OBJC_ARC = YES;
				CLANG_ENABLE_OBJC_WEAK = YES;
				CLANG_WARN_BLOCK_CAPTURE_AUTORELEASING = YES;
				CLANG_WARN_BOOL_CONVERSION = YES;
				CLANG_WARN_COMMA = YES;
				CLANG_WARN_CONSTANT_CONVERSION = YES;
				CLANG_WARN_DEPRECATED_OBJC_IMPLEMENTATIONS = YES;
				CLANG_WARN_DIRECT_OBJC_ISA_USAGE = YES_ERROR;
				CLANG_WARN_DOCUMENTATION_COMMENTS = YES;
				CLANG_WARN_EMPTY_BODY = YES;
				CLANG_WARN_ENUM_CONVERSION = YES;
				CLANG_WARN_INFINITE_RECURSION = YES;
				CLANG_WARN_INT_CONVERSION = YES;
				CLANG_WARN_NON_LITERAL_NULL_CONVERSION = YES;
				CLANG_WARN_OBJC_IMPLICIT_RETAIN_SELF = YES;
				CLANG_WARN_OBJC_LITERAL_CONVERSION = YES;
				CLANG_WARN_OBJC_ROOT_CLASS = YES_ERROR;
				CLANG_WARN_RANGE_LOOP_ANALYSIS = YES;
				CLANG_WARN_STRICT_PROTOTYPES = YES;
				CLANG_WARN_SUSPICIOUS_MOVE = YES;
				CLANG_WARN_UNGUARDED_AVAILABILITY = YES_AGGRESSIVE;
				CLANG_WARN_UNREACHABLE_CODE = YES;
				CLANG_WARN__DUPLICATE_METHOD_MATCH = YES;
				CODE_SIGN_IDENTITY = "iPhone Developer";
				COPY_PHASE_STRIP = NO;
				DEBUG_INFORMATION_FORMAT = "dwarf-with-dsym";
				ENABLE_NS_ASSERTIONS = NO;
				ENABLE_STRICT_OBJC_MSGSEND = YES;
				GCC_C_LANGUAGE_STANDARD = gnu11;
				GCC_NO_COMMON_BLOCKS = YES;
				GCC_WARN_64_TO_32_BIT_CONVERSION = YES;
				GCC_WARN_ABOUT_RETURN_TYPE = YES_ERROR;
				GCC_WARN_UNDECLARED_SELECTOR = YES;
				GCC_WARN_UNINITIALIZED_AUTOS = YES_AGGRESSIVE;
				GCC_WARN_UNUSED_FUNCTION = YES;
				GCC_WARN_UNUSED_VARIABLE = YES;
				IPHONEOS_DEPLOYMENT_TARGET = 11.3;
				MTL_ENABLE_DEBUG_INFO = NO;
				SDKROOT = iphoneos;
				SWIFT_COMPILATION_MODE = wholemodule;
				SWIFT_OPTIMIZATION_LEVEL = "-O";
				VALIDATE_PRODUCT = YES;
			};
			name = Release;
		};
		E52F0C62208500E30094DAB3 /* Debug */ = {
			isa = XCBuildConfiguration;
			buildSettings = {
				ASSETCATALOG_COMPILER_APPICON_NAME = AppIcon;
				CODE_SIGN_STYLE = Automatic;
				DEVELOPMENT_TEAM = 2YGGD696VB;
				INFOPLIST_FILE = GitHubRepositorySearch/Info.plist;
				LD_RUNPATH_SEARCH_PATHS = (
					"$(inherited)",
					"@executable_path/Frameworks",
				);
				PRODUCT_BUNDLE_IDENTIFIER = ru.veselovskiy.GitHubRepositorySearch;
				PRODUCT_NAME = "$(TARGET_NAME)";
				SWIFT_VERSION = 4.0;
				TARGETED_DEVICE_FAMILY = "1,2";
			};
			name = Debug;
		};
		E52F0C63208500E30094DAB3 /* Release */ = {
			isa = XCBuildConfiguration;
			buildSettings = {
				ASSETCATALOG_COMPILER_APPICON_NAME = AppIcon;
				CODE_SIGN_STYLE = Automatic;
				DEVELOPMENT_TEAM = 2YGGD696VB;
				INFOPLIST_FILE = GitHubRepositorySearch/Info.plist;
				LD_RUNPATH_SEARCH_PATHS = (
					"$(inherited)",
					"@executable_path/Frameworks",
				);
				PRODUCT_BUNDLE_IDENTIFIER = ru.veselovskiy.GitHubRepositorySearch;
				PRODUCT_NAME = "$(TARGET_NAME)";
				SWIFT_VERSION = 4.0;
				TARGETED_DEVICE_FAMILY = "1,2";
			};
			name = Release;
		};
		E52F0C65208500E30094DAB3 /* Debug */ = {
			isa = XCBuildConfiguration;
			buildSettings = {
				ALWAYS_EMBED_SWIFT_STANDARD_LIBRARIES = YES;
				CODE_SIGN_STYLE = Automatic;
				INFOPLIST_FILE = GitHubRepositorySearchUITests/Info.plist;
				LD_RUNPATH_SEARCH_PATHS = (
					"$(inherited)",
					"@executable_path/Frameworks",
					"@loader_path/Frameworks",
				);
				PRODUCT_BUNDLE_IDENTIFIER = ru.veselovskiy.GitHubRepositorySearchUITests;
				PRODUCT_NAME = "$(TARGET_NAME)";
				SWIFT_VERSION = 4.0;
				TARGETED_DEVICE_FAMILY = "1,2";
				TEST_TARGET_NAME = GitHubRepositorySearch;
			};
			name = Debug;
		};
		E52F0C66208500E30094DAB3 /* Release */ = {
			isa = XCBuildConfiguration;
			buildSettings = {
				ALWAYS_EMBED_SWIFT_STANDARD_LIBRARIES = YES;
				CODE_SIGN_STYLE = Automatic;
				INFOPLIST_FILE = GitHubRepositorySearchUITests/Info.plist;
				LD_RUNPATH_SEARCH_PATHS = (
					"$(inherited)",
					"@executable_path/Frameworks",
					"@loader_path/Frameworks",
				);
				PRODUCT_BUNDLE_IDENTIFIER = ru.veselovskiy.GitHubRepositorySearchUITests;
				PRODUCT_NAME = "$(TARGET_NAME)";
				SWIFT_VERSION = 4.0;
				TARGETED_DEVICE_FAMILY = "1,2";
				TEST_TARGET_NAME = GitHubRepositorySearch;
			};
			name = Release;
		};
/* End XCBuildConfiguration section */

/* Begin XCConfigurationList section */
		E52F0C3C208500E00094DAB3 /* Build configuration list for PBXProject "GitHubRepositorySearch" */ = {
			isa = XCConfigurationList;
			buildConfigurations = (
				E52F0C5F208500E30094DAB3 /* Debug */,
				E52F0C60208500E30094DAB3 /* Release */,
			);
			defaultConfigurationIsVisible = 0;
			defaultConfigurationName = Release;
		};
		E52F0C61208500E30094DAB3 /* Build configuration list for PBXNativeTarget "GitHubRepositorySearch" */ = {
			isa = XCConfigurationList;
			buildConfigurations = (
				E52F0C62208500E30094DAB3 /* Debug */,
				E52F0C63208500E30094DAB3 /* Release */,
			);
			defaultConfigurationIsVisible = 0;
			defaultConfigurationName = Release;
		};
		E52F0C64208500E30094DAB3 /* Build configuration list for PBXNativeTarget "GitHubRepositorySearchUITests" */ = {
			isa = XCConfigurationList;
			buildConfigurations = (
				E52F0C65208500E30094DAB3 /* Debug */,
				E52F0C66208500E30094DAB3 /* Release */,
			);
			defaultConfigurationIsVisible = 0;
			defaultConfigurationName = Release;
		};
/* End XCConfigurationList section */

/* Begin XCVersionGroup section */
		E52F0C4B208500E10094DAB3 /* GitHubRepositorySearch.xcdatamodeld */ = {
			isa = XCVersionGroup;
			children = (
				E52F0C4C208500E10094DAB3 /* GitHubRepositorySearch.xcdatamodel */,
			);
			currentVersion = E52F0C4C208500E10094DAB3 /* GitHubRepositorySearch.xcdatamodel */;
			path = GitHubRepositorySearch.xcdatamodeld;
			sourceTree = "<group>";
			versionGroupType = wrapper.xcdatamodel;
		};
/* End XCVersionGroup section */
	};
	rootObject = E52F0C39208500E00094DAB3 /* Project object */;
}
